// !$*UTF8*$!
{
	archiveVersion = 1;
	classes = {
	};
	objectVersion = 56;
	objects = {

/* Begin PBXBuildFile section */
		F80C68402B728A900072F45E /* CheckWiFiView.swift in Sources */ = {isa = PBXBuildFile; fileRef = F80C683F2B728A900072F45E /* CheckWiFiView.swift */; };
		F80C68422B728D1E0072F45E /* NoWifiView.swift in Sources */ = {isa = PBXBuildFile; fileRef = F80C68412B728D1E0072F45E /* NoWifiView.swift */; };
		F80C68442B7291570072F45E /* WiFiFoundView.swift in Sources */ = {isa = PBXBuildFile; fileRef = F80C68432B7291570072F45E /* WiFiFoundView.swift */; };
		F80FC7222B6908E200766229 /* StationAttributeBuilders.swift in Sources */ = {isa = PBXBuildFile; fileRef = F80FC7212B6908E200766229 /* StationAttributeBuilders.swift */; };
		F823E3852B36D0350017D160 /* combined.json in Resources */ = {isa = PBXBuildFile; fileRef = F823E3842B36D0350017D160 /* combined.json */; };
		F823E3882B36D5590017D160 /* InfoView.swift in Sources */ = {isa = PBXBuildFile; fileRef = F823E3872B36D5590017D160 /* InfoView.swift */; };
		F82D9ED12B1B447E00A101C9 /* TrainBuddyApp.swift in Sources */ = {isa = PBXBuildFile; fileRef = F82D9ED02B1B447E00A101C9 /* TrainBuddyApp.swift */; };
		F82D9ED52B1B448100A101C9 /* Assets.xcassets in Resources */ = {isa = PBXBuildFile; fileRef = F82D9ED42B1B448100A101C9 /* Assets.xcassets */; };
		F82D9ED82B1B448100A101C9 /* Preview Assets.xcassets in Resources */ = {isa = PBXBuildFile; fileRef = F82D9ED72B1B448100A101C9 /* Preview Assets.xcassets */; };
		F82D9EE22B1B448200A101C9 /* TrainBuddyTests.swift in Sources */ = {isa = PBXBuildFile; fileRef = F82D9EE12B1B448200A101C9 /* TrainBuddyTests.swift */; };
		F82D9EEC2B1B448200A101C9 /* RailnetAppUITests.swift in Sources */ = {isa = PBXBuildFile; fileRef = F82D9EEB2B1B448200A101C9 /* RailnetAppUITests.swift */; };
		F82D9EEE2B1B448200A101C9 /* RailnetAppUITestsLaunchTests.swift in Sources */ = {isa = PBXBuildFile; fileRef = F82D9EED2B1B448200A101C9 /* RailnetAppUITestsLaunchTests.swift */; };
		F86551682B6A5D6000CD5818 /* NextStationView.swift in Sources */ = {isa = PBXBuildFile; fileRef = F86551672B6A5D6000CD5818 /* NextStationView.swift */; };
		F865516B2B6A5DFB00CD5818 /* NextStationsView.swift in Sources */ = {isa = PBXBuildFile; fileRef = F865516A2B6A5DFB00CD5818 /* NextStationsView.swift */; };
		F865516D2B6A5E4600CD5818 /* TrainMapView.swift in Sources */ = {isa = PBXBuildFile; fileRef = F865516C2B6A5E4600CD5818 /* TrainMapView.swift */; };
		F86551702B6B7A1000CD5818 /* TrainBuddy.xcdatamodeld in Sources */ = {isa = PBXBuildFile; fileRef = F865516E2B6B7A1000CD5818 /* TrainBuddy.xcdatamodeld */; };
		F86551722B6B7AB800CD5818 /* DataController.swift in Sources */ = {isa = PBXBuildFile; fileRef = F86551712B6B7AB800CD5818 /* DataController.swift */; };
		F86E21072B6E38470026C28B /* WidgetKit.framework in Frameworks */ = {isa = PBXBuildFile; fileRef = F86E21062B6E38460026C28B /* WidgetKit.framework */; };
		F86E21092B6E38470026C28B /* SwiftUI.framework in Frameworks */ = {isa = PBXBuildFile; fileRef = F86E21082B6E38470026C28B /* SwiftUI.framework */; };
		F86E210C2B6E38470026C28B /* TrainBuddyWidgetBundle.swift in Sources */ = {isa = PBXBuildFile; fileRef = F86E210B2B6E38470026C28B /* TrainBuddyWidgetBundle.swift */; };
		F86E210E2B6E38470026C28B /* TrainBuddyWidgetLiveActivity.swift in Sources */ = {isa = PBXBuildFile; fileRef = F86E210D2B6E38470026C28B /* TrainBuddyWidgetLiveActivity.swift */; };
		F86E21102B6E38470026C28B /* TrainBuddyWidget.swift in Sources */ = {isa = PBXBuildFile; fileRef = F86E210F2B6E38470026C28B /* TrainBuddyWidget.swift */; };
		F86E21122B6E38490026C28B /* Assets.xcassets in Resources */ = {isa = PBXBuildFile; fileRef = F86E21112B6E38490026C28B /* Assets.xcassets */; };
		F86E21162B6E38490026C28B /* TrainBuddyWidgetExtension.appex in Embed Foundation Extensions */ = {isa = PBXBuildFile; fileRef = F86E21042B6E38460026C28B /* TrainBuddyWidgetExtension.appex */; settings = {ATTRIBUTES = (RemoveHeadersOnCopy, ); }; };
		F882D91E2B2315C700057B5E /* AppContentManager.swift in Sources */ = {isa = PBXBuildFile; fileRef = F882D91D2B2315C700057B5E /* AppContentManager.swift */; };
		F882D9212B234E8A00057B5E /* CombinedState.swift in Sources */ = {isa = PBXBuildFile; fileRef = F882D9202B234E8A00057B5E /* CombinedState.swift */; };
		F8BBC5352B6D453200D72A1E /* UserDestinationView.swift in Sources */ = {isa = PBXBuildFile; fileRef = F8BBC5342B6D453200D72A1E /* UserDestinationView.swift */; };
		F8C6EE7C2B78C95F005BDAE7 /* InfoBuilders.swift in Sources */ = {isa = PBXBuildFile; fileRef = F8C6EE7B2B78C95F005BDAE7 /* InfoBuilders.swift */; };
		F8C6EE7E2B7B8B62005BDAE7 /* LiveActivityManager.swift in Sources */ = {isa = PBXBuildFile; fileRef = F8C6EE7D2B7B8B62005BDAE7 /* LiveActivityManager.swift */; };
		F8C6EE802B7B9E1B005BDAE7 /* TrainBudddyWidgetAttributes.swift in Sources */ = {isa = PBXBuildFile; fileRef = F8C6EE7F2B7B9E1B005BDAE7 /* TrainBudddyWidgetAttributes.swift */; };
		F8C6EE812B7B9E54005BDAE7 /* TrainBudddyWidgetAttributes.swift in Sources */ = {isa = PBXBuildFile; fileRef = F8C6EE7F2B7B9E1B005BDAE7 /* TrainBudddyWidgetAttributes.swift */; };
		F8C6EE832B7BA618005BDAE7 /* TrainCommunicator.swift in Sources */ = {isa = PBXBuildFile; fileRef = F8C6EE822B7BA618005BDAE7 /* TrainCommunicator.swift */; };
		F8C6EE852B7BACEC005BDAE7 /* TrainCompanyInfos.swift in Sources */ = {isa = PBXBuildFile; fileRef = F8C6EE842B7BACEC005BDAE7 /* TrainCompanyInfos.swift */; };
		F8C6EE872B7BAFCF005BDAE7 /* TrainState.swift in Sources */ = {isa = PBXBuildFile; fileRef = F8C6EE862B7BAFCF005BDAE7 /* TrainState.swift */; };
		F8E7621F2B72CEB000EDADBB /* combined-2.json in Resources */ = {isa = PBXBuildFile; fileRef = F8E7621E2B72CEB000EDADBB /* combined-2.json */; };
		F8E762242B74BB5600EDADBB /* SettingsContentView.swift in Sources */ = {isa = PBXBuildFile; fileRef = F8E762232B74BB5600EDADBB /* SettingsContentView.swift */; };
		F8E762262B74BFD400EDADBB /* TrainContentView.swift in Sources */ = {isa = PBXBuildFile; fileRef = F8E762252B74BFD400EDADBB /* TrainContentView.swift */; };
		F8E762282B75332A00EDADBB /* TrainWiFiManager.swift in Sources */ = {isa = PBXBuildFile; fileRef = F8E762272B75332A00EDADBB /* TrainWiFiManager.swift */; };
/* End PBXBuildFile section */

/* Begin PBXContainerItemProxy section */
		F82D9EDE2B1B448200A101C9 /* PBXContainerItemProxy */ = {
			isa = PBXContainerItemProxy;
			containerPortal = F82D9EC52B1B447E00A101C9 /* Project object */;
			proxyType = 1;
			remoteGlobalIDString = F82D9ECC2B1B447E00A101C9;
			remoteInfo = RailnetApp;
		};
		F82D9EE82B1B448200A101C9 /* PBXContainerItemProxy */ = {
			isa = PBXContainerItemProxy;
			containerPortal = F82D9EC52B1B447E00A101C9 /* Project object */;
			proxyType = 1;
			remoteGlobalIDString = F82D9ECC2B1B447E00A101C9;
			remoteInfo = RailnetApp;
		};
		F86E21142B6E38490026C28B /* PBXContainerItemProxy */ = {
			isa = PBXContainerItemProxy;
			containerPortal = F82D9EC52B1B447E00A101C9 /* Project object */;
			proxyType = 1;
			remoteGlobalIDString = F86E21032B6E38460026C28B;
			remoteInfo = TrainBuddyWidgetExtension;
		};
/* End PBXContainerItemProxy section */

/* Begin PBXCopyFilesBuildPhase section */
		F86E21172B6E38490026C28B /* Embed Foundation Extensions */ = {
			isa = PBXCopyFilesBuildPhase;
			buildActionMask = 2147483647;
			dstPath = "";
			dstSubfolderSpec = 13;
			files = (
				F86E21162B6E38490026C28B /* TrainBuddyWidgetExtension.appex in Embed Foundation Extensions */,
			);
			name = "Embed Foundation Extensions";
			runOnlyForDeploymentPostprocessing = 0;
		};
/* End PBXCopyFilesBuildPhase section */

/* Begin PBXFileReference section */
		F80C683F2B728A900072F45E /* CheckWiFiView.swift */ = {isa = PBXFileReference; lastKnownFileType = sourcecode.swift; path = CheckWiFiView.swift; sourceTree = "<group>"; };
		F80C68412B728D1E0072F45E /* NoWifiView.swift */ = {isa = PBXFileReference; lastKnownFileType = sourcecode.swift; path = NoWifiView.swift; sourceTree = "<group>"; };
		F80C68432B7291570072F45E /* WiFiFoundView.swift */ = {isa = PBXFileReference; lastKnownFileType = sourcecode.swift; path = WiFiFoundView.swift; sourceTree = "<group>"; };
		F80FC7212B6908E200766229 /* StationAttributeBuilders.swift */ = {isa = PBXFileReference; lastKnownFileType = sourcecode.swift; path = StationAttributeBuilders.swift; sourceTree = "<group>"; };
		F823E3842B36D0350017D160 /* combined.json */ = {isa = PBXFileReference; fileEncoding = 4; lastKnownFileType = text.json; path = combined.json; sourceTree = "<group>"; };
		F823E3872B36D5590017D160 /* InfoView.swift */ = {isa = PBXFileReference; lastKnownFileType = sourcecode.swift; path = InfoView.swift; sourceTree = "<group>"; };
		F82D9ECD2B1B447E00A101C9 /* TrainBuddy.app */ = {isa = PBXFileReference; explicitFileType = wrapper.application; includeInIndex = 0; path = TrainBuddy.app; sourceTree = BUILT_PRODUCTS_DIR; };
		F82D9ED02B1B447E00A101C9 /* TrainBuddyApp.swift */ = {isa = PBXFileReference; lastKnownFileType = sourcecode.swift; path = TrainBuddyApp.swift; sourceTree = "<group>"; };
		F82D9ED42B1B448100A101C9 /* Assets.xcassets */ = {isa = PBXFileReference; lastKnownFileType = folder.assetcatalog; path = Assets.xcassets; sourceTree = "<group>"; };
		F82D9ED72B1B448100A101C9 /* Preview Assets.xcassets */ = {isa = PBXFileReference; lastKnownFileType = folder.assetcatalog; path = "Preview Assets.xcassets"; sourceTree = "<group>"; };
		F82D9EDD2B1B448200A101C9 /* TrainBuddyTests.xctest */ = {isa = PBXFileReference; explicitFileType = wrapper.cfbundle; includeInIndex = 0; path = TrainBuddyTests.xctest; sourceTree = BUILT_PRODUCTS_DIR; };
		F82D9EE12B1B448200A101C9 /* TrainBuddyTests.swift */ = {isa = PBXFileReference; lastKnownFileType = sourcecode.swift; path = TrainBuddyTests.swift; sourceTree = "<group>"; };
		F82D9EE72B1B448200A101C9 /* TrainBuddyUITests.xctest */ = {isa = PBXFileReference; explicitFileType = wrapper.cfbundle; includeInIndex = 0; path = TrainBuddyUITests.xctest; sourceTree = BUILT_PRODUCTS_DIR; };
		F82D9EEB2B1B448200A101C9 /* RailnetAppUITests.swift */ = {isa = PBXFileReference; lastKnownFileType = sourcecode.swift; path = RailnetAppUITests.swift; sourceTree = "<group>"; };
		F82D9EED2B1B448200A101C9 /* RailnetAppUITestsLaunchTests.swift */ = {isa = PBXFileReference; lastKnownFileType = sourcecode.swift; path = RailnetAppUITestsLaunchTests.swift; sourceTree = "<group>"; };
		F86551672B6A5D6000CD5818 /* NextStationView.swift */ = {isa = PBXFileReference; lastKnownFileType = sourcecode.swift; path = NextStationView.swift; sourceTree = "<group>"; };
		F865516A2B6A5DFB00CD5818 /* NextStationsView.swift */ = {isa = PBXFileReference; lastKnownFileType = sourcecode.swift; path = NextStationsView.swift; sourceTree = "<group>"; };
		F865516C2B6A5E4600CD5818 /* TrainMapView.swift */ = {isa = PBXFileReference; lastKnownFileType = sourcecode.swift; path = TrainMapView.swift; sourceTree = "<group>"; };
		F865516F2B6B7A1000CD5818 /* TrainBuddy.xcdatamodel */ = {isa = PBXFileReference; lastKnownFileType = wrapper.xcdatamodel; path = TrainBuddy.xcdatamodel; sourceTree = "<group>"; };
		F86551712B6B7AB800CD5818 /* DataController.swift */ = {isa = PBXFileReference; lastKnownFileType = sourcecode.swift; path = DataController.swift; sourceTree = "<group>"; };
		F86E21042B6E38460026C28B /* TrainBuddyWidgetExtension.appex */ = {isa = PBXFileReference; explicitFileType = "wrapper.app-extension"; includeInIndex = 0; path = TrainBuddyWidgetExtension.appex; sourceTree = BUILT_PRODUCTS_DIR; };
		F86E21062B6E38460026C28B /* WidgetKit.framework */ = {isa = PBXFileReference; lastKnownFileType = wrapper.framework; name = WidgetKit.framework; path = System/Library/Frameworks/WidgetKit.framework; sourceTree = SDKROOT; };
		F86E21082B6E38470026C28B /* SwiftUI.framework */ = {isa = PBXFileReference; lastKnownFileType = wrapper.framework; name = SwiftUI.framework; path = System/Library/Frameworks/SwiftUI.framework; sourceTree = SDKROOT; };
		F86E210B2B6E38470026C28B /* TrainBuddyWidgetBundle.swift */ = {isa = PBXFileReference; lastKnownFileType = sourcecode.swift; path = TrainBuddyWidgetBundle.swift; sourceTree = "<group>"; };
		F86E210D2B6E38470026C28B /* TrainBuddyWidgetLiveActivity.swift */ = {isa = PBXFileReference; lastKnownFileType = sourcecode.swift; path = TrainBuddyWidgetLiveActivity.swift; sourceTree = "<group>"; };
		F86E210F2B6E38470026C28B /* TrainBuddyWidget.swift */ = {isa = PBXFileReference; lastKnownFileType = sourcecode.swift; path = TrainBuddyWidget.swift; sourceTree = "<group>"; };
		F86E21112B6E38490026C28B /* Assets.xcassets */ = {isa = PBXFileReference; lastKnownFileType = folder.assetcatalog; path = Assets.xcassets; sourceTree = "<group>"; };
		F86E21132B6E38490026C28B /* Info.plist */ = {isa = PBXFileReference; lastKnownFileType = text.plist.xml; path = Info.plist; sourceTree = "<group>"; };
		F882D91D2B2315C700057B5E /* AppContentManager.swift */ = {isa = PBXFileReference; lastKnownFileType = sourcecode.swift; path = AppContentManager.swift; sourceTree = "<group>"; };
		F882D91F2B23324400057B5E /* TrainBuddy.entitlements */ = {isa = PBXFileReference; lastKnownFileType = text.plist.entitlements; path = TrainBuddy.entitlements; sourceTree = "<group>"; };
		F882D9202B234E8A00057B5E /* CombinedState.swift */ = {isa = PBXFileReference; lastKnownFileType = sourcecode.swift; path = CombinedState.swift; sourceTree = "<group>"; };
		F8B04FD02B248A1000BB1E08 /* Info.plist */ = {isa = PBXFileReference; lastKnownFileType = text.plist; path = Info.plist; sourceTree = "<group>"; };
		F8BBC5342B6D453200D72A1E /* UserDestinationView.swift */ = {isa = PBXFileReference; lastKnownFileType = sourcecode.swift; path = UserDestinationView.swift; sourceTree = "<group>"; };
		F8C6EE7B2B78C95F005BDAE7 /* InfoBuilders.swift */ = {isa = PBXFileReference; lastKnownFileType = sourcecode.swift; path = InfoBuilders.swift; sourceTree = "<group>"; };
		F8C6EE7D2B7B8B62005BDAE7 /* LiveActivityManager.swift */ = {isa = PBXFileReference; lastKnownFileType = sourcecode.swift; path = LiveActivityManager.swift; sourceTree = "<group>"; };
		F8C6EE7F2B7B9E1B005BDAE7 /* TrainBudddyWidgetAttributes.swift */ = {isa = PBXFileReference; lastKnownFileType = sourcecode.swift; path = TrainBudddyWidgetAttributes.swift; sourceTree = "<group>"; };
		F8C6EE822B7BA618005BDAE7 /* TrainCommunicator.swift */ = {isa = PBXFileReference; lastKnownFileType = sourcecode.swift; path = TrainCommunicator.swift; sourceTree = "<group>"; };
		F8C6EE842B7BACEC005BDAE7 /* TrainCompanyInfos.swift */ = {isa = PBXFileReference; lastKnownFileType = sourcecode.swift; path = TrainCompanyInfos.swift; sourceTree = "<group>"; };
		F8C6EE862B7BAFCF005BDAE7 /* TrainState.swift */ = {isa = PBXFileReference; lastKnownFileType = sourcecode.swift; path = TrainState.swift; sourceTree = "<group>"; };
		F8E7621E2B72CEB000EDADBB /* combined-2.json */ = {isa = PBXFileReference; fileEncoding = 4; lastKnownFileType = text.json; path = "combined-2.json"; sourceTree = "<group>"; };
		F8E762232B74BB5600EDADBB /* SettingsContentView.swift */ = {isa = PBXFileReference; lastKnownFileType = sourcecode.swift; path = SettingsContentView.swift; sourceTree = "<group>"; };
		F8E762252B74BFD400EDADBB /* TrainContentView.swift */ = {isa = PBXFileReference; lastKnownFileType = sourcecode.swift; path = TrainContentView.swift; sourceTree = "<group>"; };
		F8E762272B75332A00EDADBB /* TrainWiFiManager.swift */ = {isa = PBXFileReference; lastKnownFileType = sourcecode.swift; path = TrainWiFiManager.swift; sourceTree = "<group>"; };
/* End PBXFileReference section */

/* Begin PBXFrameworksBuildPhase section */
		F82D9ECA2B1B447E00A101C9 /* Frameworks */ = {
			isa = PBXFrameworksBuildPhase;
			buildActionMask = 2147483647;
			files = (
			);
			runOnlyForDeploymentPostprocessing = 0;
		};
		F82D9EDA2B1B448200A101C9 /* Frameworks */ = {
			isa = PBXFrameworksBuildPhase;
			buildActionMask = 2147483647;
			files = (
			);
			runOnlyForDeploymentPostprocessing = 0;
		};
		F82D9EE42B1B448200A101C9 /* Frameworks */ = {
			isa = PBXFrameworksBuildPhase;
			buildActionMask = 2147483647;
			files = (
			);
			runOnlyForDeploymentPostprocessing = 0;
		};
		F86E21012B6E38460026C28B /* Frameworks */ = {
			isa = PBXFrameworksBuildPhase;
			buildActionMask = 2147483647;
			files = (
				F86E21092B6E38470026C28B /* SwiftUI.framework in Frameworks */,
				F86E21072B6E38470026C28B /* WidgetKit.framework in Frameworks */,
			);
			runOnlyForDeploymentPostprocessing = 0;
		};
/* End PBXFrameworksBuildPhase section */

/* Begin PBXGroup section */
		F80C683E2B728A4D0072F45E /* Other */ = {
			isa = PBXGroup;
			children = (
				F80C683F2B728A900072F45E /* CheckWiFiView.swift */,
				F80C68412B728D1E0072F45E /* NoWifiView.swift */,
				F80C68432B7291570072F45E /* WiFiFoundView.swift */,
			);
			path = Other;
			sourceTree = "<group>";
		};
		F823E3862B36D2450017D160 /* MockingData */ = {
			isa = PBXGroup;
			children = (
				F8E7621E2B72CEB000EDADBB /* combined-2.json */,
				F823E3842B36D0350017D160 /* combined.json */,
			);
			path = MockingData;
			sourceTree = "<group>";
		};
		F82D9EC42B1B447E00A101C9 = {
			isa = PBXGroup;
			children = (
				F82D9ECF2B1B447E00A101C9 /* TrainBuddy */,
				F82D9EE02B1B448200A101C9 /* TrainBuddyTests */,
				F82D9EEA2B1B448200A101C9 /* TrainBuddyUITests */,
				F86E210A2B6E38470026C28B /* TrainBuddyWidget */,
				F86E21052B6E38460026C28B /* Frameworks */,
				F82D9ECE2B1B447E00A101C9 /* Products */,
			);
			sourceTree = "<group>";
		};
		F82D9ECE2B1B447E00A101C9 /* Products */ = {
			isa = PBXGroup;
			children = (
				F82D9ECD2B1B447E00A101C9 /* TrainBuddy.app */,
				F82D9EDD2B1B448200A101C9 /* TrainBuddyTests.xctest */,
				F82D9EE72B1B448200A101C9 /* TrainBuddyUITests.xctest */,
				F86E21042B6E38460026C28B /* TrainBuddyWidgetExtension.appex */,
			);
			name = Products;
			sourceTree = "<group>";
		};
		F82D9ECF2B1B447E00A101C9 /* TrainBuddy */ = {
			isa = PBXGroup;
			children = (
				F823E3862B36D2450017D160 /* MockingData */,
				F8B04FD02B248A1000BB1E08 /* Info.plist */,
				F882D91F2B23324400057B5E /* TrainBuddy.entitlements */,
				F882D91C2B23140500057B5E /* Views */,
				F882D91B2B2313FD00057B5E /* ViewModels */,
				F882D9192B2313F000057B5E /* Models */,
				F82D9ED02B1B447E00A101C9 /* TrainBuddyApp.swift */,
				F82D9ED42B1B448100A101C9 /* Assets.xcassets */,
				F82D9ED62B1B448100A101C9 /* Preview Content */,
				F865516E2B6B7A1000CD5818 /* TrainBuddy.xcdatamodeld */,
			);
			path = TrainBuddy;
			sourceTree = "<group>";
		};
		F82D9ED62B1B448100A101C9 /* Preview Content */ = {
			isa = PBXGroup;
			children = (
				F82D9ED72B1B448100A101C9 /* Preview Assets.xcassets */,
			);
			path = "Preview Content";
			sourceTree = "<group>";
		};
		F82D9EE02B1B448200A101C9 /* TrainBuddyTests */ = {
			isa = PBXGroup;
			children = (
				F82D9EE12B1B448200A101C9 /* TrainBuddyTests.swift */,
			);
			path = TrainBuddyTests;
			sourceTree = "<group>";
		};
		F82D9EEA2B1B448200A101C9 /* TrainBuddyUITests */ = {
			isa = PBXGroup;
			children = (
				F82D9EEB2B1B448200A101C9 /* RailnetAppUITests.swift */,
				F82D9EED2B1B448200A101C9 /* RailnetAppUITestsLaunchTests.swift */,
			);
			path = TrainBuddyUITests;
			sourceTree = "<group>";
		};
		F86551692B6A5D6500CD5818 /* Info */ = {
			isa = PBXGroup;
			children = (
				F823E3872B36D5590017D160 /* InfoView.swift */,
				F86551672B6A5D6000CD5818 /* NextStationView.swift */,
				F80FC7212B6908E200766229 /* StationAttributeBuilders.swift */,
				F865516A2B6A5DFB00CD5818 /* NextStationsView.swift */,
				F865516C2B6A5E4600CD5818 /* TrainMapView.swift */,
				F8BBC5342B6D453200D72A1E /* UserDestinationView.swift */,
				F8C6EE7B2B78C95F005BDAE7 /* InfoBuilders.swift */,
			);
			path = Info;
			sourceTree = "<group>";
		};
		F86E21052B6E38460026C28B /* Frameworks */ = {
			isa = PBXGroup;
			children = (
				F86E21062B6E38460026C28B /* WidgetKit.framework */,
				F86E21082B6E38470026C28B /* SwiftUI.framework */,
			);
			name = Frameworks;
			sourceTree = "<group>";
		};
		F86E210A2B6E38470026C28B /* TrainBuddyWidget */ = {
			isa = PBXGroup;
			children = (
				F86E210B2B6E38470026C28B /* TrainBuddyWidgetBundle.swift */,
				F86E210D2B6E38470026C28B /* TrainBuddyWidgetLiveActivity.swift */,
				F86E210F2B6E38470026C28B /* TrainBuddyWidget.swift */,
				F86E21112B6E38490026C28B /* Assets.xcassets */,
				F86E21132B6E38490026C28B /* Info.plist */,
				F8C6EE7F2B7B9E1B005BDAE7 /* TrainBudddyWidgetAttributes.swift */,
			);
			path = TrainBuddyWidget;
			sourceTree = "<group>";
		};
		F882D9192B2313F000057B5E /* Models */ = {
			isa = PBXGroup;
			children = (
				F882D9202B234E8A00057B5E /* CombinedState.swift */,
			);
			path = Models;
			sourceTree = "<group>";
		};
		F882D91B2B2313FD00057B5E /* ViewModels */ = {
			isa = PBXGroup;
			children = (
				F86551712B6B7AB800CD5818 /* DataController.swift */,
				F882D91D2B2315C700057B5E /* AppContentManager.swift */,
				F8E762272B75332A00EDADBB /* TrainWiFiManager.swift */,
				F8C6EE822B7BA618005BDAE7 /* TrainCommunicator.swift */,
				F8C6EE7D2B7B8B62005BDAE7 /* LiveActivityManager.swift */,
				F8C6EE842B7BACEC005BDAE7 /* TrainCompanyInfos.swift */,
				F8C6EE862B7BAFCF005BDAE7 /* TrainState.swift */,
			);
			path = ViewModels;
			sourceTree = "<group>";
		};
		F882D91C2B23140500057B5E /* Views */ = {
			isa = PBXGroup;
			children = (
				F8E762212B74BAF300EDADBB /* Settings */,
				F8E762202B74BAD200EDADBB /* Train */,
			);
			path = Views;
			sourceTree = "<group>";
		};
		F8E762202B74BAD200EDADBB /* Train */ = {
			isa = PBXGroup;
			children = (
				F80C683E2B728A4D0072F45E /* Other */,
				F86551692B6A5D6500CD5818 /* Info */,
				F8E762252B74BFD400EDADBB /* TrainContentView.swift */,
			);
			path = Train;
			sourceTree = "<group>";
		};
		F8E762212B74BAF300EDADBB /* Settings */ = {
			isa = PBXGroup;
			children = (
				F8E762232B74BB5600EDADBB /* SettingsContentView.swift */,
			);
			path = Settings;
			sourceTree = "<group>";
		};
/* End PBXGroup section */

/* Begin PBXNativeTarget section */
		F82D9ECC2B1B447E00A101C9 /* TrainBuddy */ = {
			isa = PBXNativeTarget;
			buildConfigurationList = F82D9EF12B1B448200A101C9 /* Build configuration list for PBXNativeTarget "TrainBuddy" */;
			buildPhases = (
				F82D9EC92B1B447E00A101C9 /* Sources */,
				F82D9ECA2B1B447E00A101C9 /* Frameworks */,
				F82D9ECB2B1B447E00A101C9 /* Resources */,
				F86E21172B6E38490026C28B /* Embed Foundation Extensions */,
			);
			buildRules = (
			);
			dependencies = (
				F86E21152B6E38490026C28B /* PBXTargetDependency */,
			);
			name = TrainBuddy;
			productName = RailnetApp;
			productReference = F82D9ECD2B1B447E00A101C9 /* TrainBuddy.app */;
			productType = "com.apple.product-type.application";
		};
		F82D9EDC2B1B448200A101C9 /* TrainBuddyTests */ = {
			isa = PBXNativeTarget;
			buildConfigurationList = F82D9EF42B1B448200A101C9 /* Build configuration list for PBXNativeTarget "TrainBuddyTests" */;
			buildPhases = (
				F82D9ED92B1B448200A101C9 /* Sources */,
				F82D9EDA2B1B448200A101C9 /* Frameworks */,
				F82D9EDB2B1B448200A101C9 /* Resources */,
			);
			buildRules = (
			);
			dependencies = (
				F82D9EDF2B1B448200A101C9 /* PBXTargetDependency */,
			);
			name = TrainBuddyTests;
			productName = RailnetAppTests;
			productReference = F82D9EDD2B1B448200A101C9 /* TrainBuddyTests.xctest */;
			productType = "com.apple.product-type.bundle.unit-test";
		};
		F82D9EE62B1B448200A101C9 /* TrainBuddyUITests */ = {
			isa = PBXNativeTarget;
			buildConfigurationList = F82D9EF72B1B448200A101C9 /* Build configuration list for PBXNativeTarget "TrainBuddyUITests" */;
			buildPhases = (
				F82D9EE32B1B448200A101C9 /* Sources */,
				F82D9EE42B1B448200A101C9 /* Frameworks */,
				F82D9EE52B1B448200A101C9 /* Resources */,
			);
			buildRules = (
			);
			dependencies = (
				F82D9EE92B1B448200A101C9 /* PBXTargetDependency */,
			);
			name = TrainBuddyUITests;
			productName = RailnetAppUITests;
			productReference = F82D9EE72B1B448200A101C9 /* TrainBuddyUITests.xctest */;
			productType = "com.apple.product-type.bundle.ui-testing";
		};
		F86E21032B6E38460026C28B /* TrainBuddyWidgetExtension */ = {
			isa = PBXNativeTarget;
			buildConfigurationList = F86E211A2B6E38490026C28B /* Build configuration list for PBXNativeTarget "TrainBuddyWidgetExtension" */;
			buildPhases = (
				F86E21002B6E38460026C28B /* Sources */,
				F86E21012B6E38460026C28B /* Frameworks */,
				F86E21022B6E38460026C28B /* Resources */,
			);
			buildRules = (
			);
			dependencies = (
			);
			name = TrainBuddyWidgetExtension;
			productName = TrainBuddyWidgetExtension;
			productReference = F86E21042B6E38460026C28B /* TrainBuddyWidgetExtension.appex */;
			productType = "com.apple.product-type.app-extension";
		};
/* End PBXNativeTarget section */

/* Begin PBXProject section */
		F82D9EC52B1B447E00A101C9 /* Project object */ = {
			isa = PBXProject;
			attributes = {
				BuildIndependentTargetsInParallel = 1;
				LastSwiftUpdateCheck = 1520;
				LastUpgradeCheck = 1500;
				TargetAttributes = {
					F82D9ECC2B1B447E00A101C9 = {
						CreatedOnToolsVersion = 15.0.1;
					};
					F82D9EDC2B1B448200A101C9 = {
						CreatedOnToolsVersion = 15.0.1;
						TestTargetID = F82D9ECC2B1B447E00A101C9;
					};
					F82D9EE62B1B448200A101C9 = {
						CreatedOnToolsVersion = 15.0.1;
						TestTargetID = F82D9ECC2B1B447E00A101C9;
					};
					F86E21032B6E38460026C28B = {
						CreatedOnToolsVersion = 15.2;
					};
				};
			};
			buildConfigurationList = F82D9EC82B1B447E00A101C9 /* Build configuration list for PBXProject "TrainBuddy" */;
			compatibilityVersion = "Xcode 14.0";
			developmentRegion = de;
			hasScannedForEncodings = 0;
			knownRegions = (
				de,
				Base,
			);
			mainGroup = F82D9EC42B1B447E00A101C9;
			productRefGroup = F82D9ECE2B1B447E00A101C9 /* Products */;
			projectDirPath = "";
			projectRoot = "";
			targets = (
				F82D9ECC2B1B447E00A101C9 /* TrainBuddy */,
				F82D9EDC2B1B448200A101C9 /* TrainBuddyTests */,
				F82D9EE62B1B448200A101C9 /* TrainBuddyUITests */,
				F86E21032B6E38460026C28B /* TrainBuddyWidgetExtension */,
			);
		};
/* End PBXProject section */

/* Begin PBXResourcesBuildPhase section */
		F82D9ECB2B1B447E00A101C9 /* Resources */ = {
			isa = PBXResourcesBuildPhase;
			buildActionMask = 2147483647;
			files = (
				F82D9ED82B1B448100A101C9 /* Preview Assets.xcassets in Resources */,
				F823E3852B36D0350017D160 /* combined.json in Resources */,
				F82D9ED52B1B448100A101C9 /* Assets.xcassets in Resources */,
				F8E7621F2B72CEB000EDADBB /* combined-2.json in Resources */,
			);
			runOnlyForDeploymentPostprocessing = 0;
		};
		F82D9EDB2B1B448200A101C9 /* Resources */ = {
			isa = PBXResourcesBuildPhase;
			buildActionMask = 2147483647;
			files = (
			);
			runOnlyForDeploymentPostprocessing = 0;
		};
		F82D9EE52B1B448200A101C9 /* Resources */ = {
			isa = PBXResourcesBuildPhase;
			buildActionMask = 2147483647;
			files = (
			);
			runOnlyForDeploymentPostprocessing = 0;
		};
		F86E21022B6E38460026C28B /* Resources */ = {
			isa = PBXResourcesBuildPhase;
			buildActionMask = 2147483647;
			files = (
				F86E21122B6E38490026C28B /* Assets.xcassets in Resources */,
			);
			runOnlyForDeploymentPostprocessing = 0;
		};
/* End PBXResourcesBuildPhase section */

/* Begin PBXSourcesBuildPhase section */
		F82D9EC92B1B447E00A101C9 /* Sources */ = {
			isa = PBXSourcesBuildPhase;
			buildActionMask = 2147483647;
			files = (
				F882D9212B234E8A00057B5E /* CombinedState.swift in Sources */,
				F8C6EE832B7BA618005BDAE7 /* TrainCommunicator.swift in Sources */,
				F80FC7222B6908E200766229 /* StationAttributeBuilders.swift in Sources */,
				F8C6EE7E2B7B8B62005BDAE7 /* LiveActivityManager.swift in Sources */,
				F80C68402B728A900072F45E /* CheckWiFiView.swift in Sources */,
				F86551702B6B7A1000CD5818 /* TrainBuddy.xcdatamodeld in Sources */,
				F86551682B6A5D6000CD5818 /* NextStationView.swift in Sources */,
				F8E762262B74BFD400EDADBB /* TrainContentView.swift in Sources */,
				F8C6EE802B7B9E1B005BDAE7 /* TrainBudddyWidgetAttributes.swift in Sources */,
				F86551722B6B7AB800CD5818 /* DataController.swift in Sources */,
				F882D91E2B2315C700057B5E /* AppContentManager.swift in Sources */,
				F865516D2B6A5E4600CD5818 /* TrainMapView.swift in Sources */,
				F8C6EE7C2B78C95F005BDAE7 /* InfoBuilders.swift in Sources */,
				F8BBC5352B6D453200D72A1E /* UserDestinationView.swift in Sources */,
				F8E762242B74BB5600EDADBB /* SettingsContentView.swift in Sources */,
				F8E762282B75332A00EDADBB /* TrainWiFiManager.swift in Sources */,
				F8C6EE852B7BACEC005BDAE7 /* TrainCompanyInfos.swift in Sources */,
				F80C68422B728D1E0072F45E /* NoWifiView.swift in Sources */,
				F80C68442B7291570072F45E /* WiFiFoundView.swift in Sources */,
				F8C6EE872B7BAFCF005BDAE7 /* TrainState.swift in Sources */,
				F865516B2B6A5DFB00CD5818 /* NextStationsView.swift in Sources */,
				F823E3882B36D5590017D160 /* InfoView.swift in Sources */,
				F82D9ED12B1B447E00A101C9 /* TrainBuddyApp.swift in Sources */,
			);
			runOnlyForDeploymentPostprocessing = 0;
		};
		F82D9ED92B1B448200A101C9 /* Sources */ = {
			isa = PBXSourcesBuildPhase;
			buildActionMask = 2147483647;
			files = (
				F82D9EE22B1B448200A101C9 /* TrainBuddyTests.swift in Sources */,
			);
			runOnlyForDeploymentPostprocessing = 0;
		};
		F82D9EE32B1B448200A101C9 /* Sources */ = {
			isa = PBXSourcesBuildPhase;
			buildActionMask = 2147483647;
			files = (
				F82D9EEE2B1B448200A101C9 /* RailnetAppUITestsLaunchTests.swift in Sources */,
				F82D9EEC2B1B448200A101C9 /* RailnetAppUITests.swift in Sources */,
			);
			runOnlyForDeploymentPostprocessing = 0;
		};
		F86E21002B6E38460026C28B /* Sources */ = {
			isa = PBXSourcesBuildPhase;
			buildActionMask = 2147483647;
			files = (
				F8C6EE812B7B9E54005BDAE7 /* TrainBudddyWidgetAttributes.swift in Sources */,
				F86E210E2B6E38470026C28B /* TrainBuddyWidgetLiveActivity.swift in Sources */,
				F86E210C2B6E38470026C28B /* TrainBuddyWidgetBundle.swift in Sources */,
				F86E21102B6E38470026C28B /* TrainBuddyWidget.swift in Sources */,
			);
			runOnlyForDeploymentPostprocessing = 0;
		};
/* End PBXSourcesBuildPhase section */

/* Begin PBXTargetDependency section */
		F82D9EDF2B1B448200A101C9 /* PBXTargetDependency */ = {
			isa = PBXTargetDependency;
			target = F82D9ECC2B1B447E00A101C9 /* TrainBuddy */;
			targetProxy = F82D9EDE2B1B448200A101C9 /* PBXContainerItemProxy */;
		};
		F82D9EE92B1B448200A101C9 /* PBXTargetDependency */ = {
			isa = PBXTargetDependency;
			target = F82D9ECC2B1B447E00A101C9 /* TrainBuddy */;
			targetProxy = F82D9EE82B1B448200A101C9 /* PBXContainerItemProxy */;
		};
		F86E21152B6E38490026C28B /* PBXTargetDependency */ = {
			isa = PBXTargetDependency;
			target = F86E21032B6E38460026C28B /* TrainBuddyWidgetExtension */;
			targetProxy = F86E21142B6E38490026C28B /* PBXContainerItemProxy */;
		};
/* End PBXTargetDependency section */

/* Begin XCBuildConfiguration section */
		F82D9EEF2B1B448200A101C9 /* Debug */ = {
			isa = XCBuildConfiguration;
			buildSettings = {
				ALWAYS_SEARCH_USER_PATHS = NO;
				ASSETCATALOG_COMPILER_GENERATE_SWIFT_ASSET_SYMBOL_EXTENSIONS = YES;
				CLANG_ANALYZER_NONNULL = YES;
				CLANG_ANALYZER_NUMBER_OBJECT_CONVERSION = YES_AGGRESSIVE;
				CLANG_CXX_LANGUAGE_STANDARD = "gnu++20";
				CLANG_ENABLE_MODULES = YES;
				CLANG_ENABLE_OBJC_ARC = YES;
				CLANG_ENABLE_OBJC_WEAK = YES;
				CLANG_WARN_BLOCK_CAPTURE_AUTORELEASING = YES;
				CLANG_WARN_BOOL_CONVERSION = YES;
				CLANG_WARN_COMMA = YES;
				CLANG_WARN_CONSTANT_CONVERSION = YES;
				CLANG_WARN_DEPRECATED_OBJC_IMPLEMENTATIONS = YES;
				CLANG_WARN_DIRECT_OBJC_ISA_USAGE = YES_ERROR;
				CLANG_WARN_DOCUMENTATION_COMMENTS = YES;
				CLANG_WARN_EMPTY_BODY = YES;
				CLANG_WARN_ENUM_CONVERSION = YES;
				CLANG_WARN_INFINITE_RECURSION = YES;
				CLANG_WARN_INT_CONVERSION = YES;
				CLANG_WARN_NON_LITERAL_NULL_CONVERSION = YES;
				CLANG_WARN_OBJC_IMPLICIT_RETAIN_SELF = YES;
				CLANG_WARN_OBJC_LITERAL_CONVERSION = YES;
				CLANG_WARN_OBJC_ROOT_CLASS = YES_ERROR;
				CLANG_WARN_QUOTED_INCLUDE_IN_FRAMEWORK_HEADER = YES;
				CLANG_WARN_RANGE_LOOP_ANALYSIS = YES;
				CLANG_WARN_STRICT_PROTOTYPES = YES;
				CLANG_WARN_SUSPICIOUS_MOVE = YES;
				CLANG_WARN_UNGUARDED_AVAILABILITY = YES_AGGRESSIVE;
				CLANG_WARN_UNREACHABLE_CODE = YES;
				CLANG_WARN__DUPLICATE_METHOD_MATCH = YES;
				COPY_PHASE_STRIP = NO;
				DEBUG_INFORMATION_FORMAT = dwarf;
				ENABLE_STRICT_OBJC_MSGSEND = YES;
				ENABLE_TESTABILITY = YES;
				ENABLE_USER_SCRIPT_SANDBOXING = YES;
				GCC_C_LANGUAGE_STANDARD = gnu17;
				GCC_DYNAMIC_NO_PIC = NO;
				GCC_NO_COMMON_BLOCKS = YES;
				GCC_OPTIMIZATION_LEVEL = 0;
				GCC_PREPROCESSOR_DEFINITIONS = (
					"DEBUG=1",
					"$(inherited)",
				);
				GCC_WARN_64_TO_32_BIT_CONVERSION = YES;
				GCC_WARN_ABOUT_RETURN_TYPE = YES_ERROR;
				GCC_WARN_UNDECLARED_SELECTOR = YES;
				GCC_WARN_UNINITIALIZED_AUTOS = YES_AGGRESSIVE;
				GCC_WARN_UNUSED_FUNCTION = YES;
				GCC_WARN_UNUSED_VARIABLE = YES;
				IPHONEOS_DEPLOYMENT_TARGET = 17.0;
				LOCALIZATION_PREFERS_STRING_CATALOGS = YES;
				MTL_ENABLE_DEBUG_INFO = INCLUDE_SOURCE;
				MTL_FAST_MATH = YES;
				ONLY_ACTIVE_ARCH = YES;
				SDKROOT = iphoneos;
				SWIFT_ACTIVE_COMPILATION_CONDITIONS = "DEBUG $(inherited)";
				SWIFT_OPTIMIZATION_LEVEL = "-Onone";
			};
			name = Debug;
		};
		F82D9EF02B1B448200A101C9 /* Release */ = {
			isa = XCBuildConfiguration;
			buildSettings = {
				ALWAYS_SEARCH_USER_PATHS = NO;
				ASSETCATALOG_COMPILER_GENERATE_SWIFT_ASSET_SYMBOL_EXTENSIONS = YES;
				CLANG_ANALYZER_NONNULL = YES;
				CLANG_ANALYZER_NUMBER_OBJECT_CONVERSION = YES_AGGRESSIVE;
				CLANG_CXX_LANGUAGE_STANDARD = "gnu++20";
				CLANG_ENABLE_MODULES = YES;
				CLANG_ENABLE_OBJC_ARC = YES;
				CLANG_ENABLE_OBJC_WEAK = YES;
				CLANG_WARN_BLOCK_CAPTURE_AUTORELEASING = YES;
				CLANG_WARN_BOOL_CONVERSION = YES;
				CLANG_WARN_COMMA = YES;
				CLANG_WARN_CONSTANT_CONVERSION = YES;
				CLANG_WARN_DEPRECATED_OBJC_IMPLEMENTATIONS = YES;
				CLANG_WARN_DIRECT_OBJC_ISA_USAGE = YES_ERROR;
				CLANG_WARN_DOCUMENTATION_COMMENTS = YES;
				CLANG_WARN_EMPTY_BODY = YES;
				CLANG_WARN_ENUM_CONVERSION = YES;
				CLANG_WARN_INFINITE_RECURSION = YES;
				CLANG_WARN_INT_CONVERSION = YES;
				CLANG_WARN_NON_LITERAL_NULL_CONVERSION = YES;
				CLANG_WARN_OBJC_IMPLICIT_RETAIN_SELF = YES;
				CLANG_WARN_OBJC_LITERAL_CONVERSION = YES;
				CLANG_WARN_OBJC_ROOT_CLASS = YES_ERROR;
				CLANG_WARN_QUOTED_INCLUDE_IN_FRAMEWORK_HEADER = YES;
				CLANG_WARN_RANGE_LOOP_ANALYSIS = YES;
				CLANG_WARN_STRICT_PROTOTYPES = YES;
				CLANG_WARN_SUSPICIOUS_MOVE = YES;
				CLANG_WARN_UNGUARDED_AVAILABILITY = YES_AGGRESSIVE;
				CLANG_WARN_UNREACHABLE_CODE = YES;
				CLANG_WARN__DUPLICATE_METHOD_MATCH = YES;
				COPY_PHASE_STRIP = NO;
				DEBUG_INFORMATION_FORMAT = "dwarf-with-dsym";
				ENABLE_NS_ASSERTIONS = NO;
				ENABLE_STRICT_OBJC_MSGSEND = YES;
				ENABLE_USER_SCRIPT_SANDBOXING = YES;
				GCC_C_LANGUAGE_STANDARD = gnu17;
				GCC_NO_COMMON_BLOCKS = YES;
				GCC_WARN_64_TO_32_BIT_CONVERSION = YES;
				GCC_WARN_ABOUT_RETURN_TYPE = YES_ERROR;
				GCC_WARN_UNDECLARED_SELECTOR = YES;
				GCC_WARN_UNINITIALIZED_AUTOS = YES_AGGRESSIVE;
				GCC_WARN_UNUSED_FUNCTION = YES;
				GCC_WARN_UNUSED_VARIABLE = YES;
				IPHONEOS_DEPLOYMENT_TARGET = 17.0;
				LOCALIZATION_PREFERS_STRING_CATALOGS = YES;
				MTL_ENABLE_DEBUG_INFO = NO;
				MTL_FAST_MATH = YES;
				SDKROOT = iphoneos;
				SWIFT_COMPILATION_MODE = wholemodule;
				VALIDATE_PRODUCT = YES;
			};
			name = Release;
		};
		F82D9EF22B1B448200A101C9 /* Debug */ = {
			isa = XCBuildConfiguration;
			buildSettings = {
				ALWAYS_EMBED_SWIFT_STANDARD_LIBRARIES = YES;
				ASSETCATALOG_COMPILER_APPICON_NAME = AppIcon;
				ASSETCATALOG_COMPILER_GLOBAL_ACCENT_COLOR_NAME = AccentColor;
				CODE_SIGN_ENTITLEMENTS = TrainBuddy/TrainBuddy.entitlements;
				CODE_SIGN_IDENTITY = "Apple Development";
				CODE_SIGN_STYLE = Automatic;
				CURRENT_PROJECT_VERSION = 1;
				DEVELOPMENT_ASSET_PATHS = "\"TrainBuddy/Preview Content\"";
				DEVELOPMENT_TEAM = 35MK3E7S5B;
				ENABLE_PREVIEWS = YES;
				GENERATE_INFOPLIST_FILE = YES;
				INFOPLIST_FILE = TrainBuddy/Info.plist;
				INFOPLIST_KEY_CFBundleDisplayName = TrainBuddy;
				INFOPLIST_KEY_LSApplicationCategoryType = "public.app-category.travel";
				INFOPLIST_KEY_NSLocationUsageDescription = "Travel Buddy hat keinen Zugriff auf deinen Standort. Diese Abfrage ist notwendig, um den WLAN Namen überprüfen zu können.";
				INFOPLIST_KEY_NSLocationWhenInUseUsageDescription = "Ich  brauche  das";
				INFOPLIST_KEY_NSSupportsLiveActivities = YES;
				INFOPLIST_KEY_NSSupportsLiveActivitiesFrequentUpdates = YES;
				INFOPLIST_KEY_UIApplicationSceneManifest_Generation = YES;
				INFOPLIST_KEY_UIApplicationSupportsIndirectInputEvents = YES;
				INFOPLIST_KEY_UILaunchScreen_Generation = YES;
				INFOPLIST_KEY_UISupportedInterfaceOrientations = UIInterfaceOrientationPortrait;
				INFOPLIST_KEY_UISupportedInterfaceOrientations_iPad = "UIInterfaceOrientationLandscapeLeft UIInterfaceOrientationLandscapeRight UIInterfaceOrientationPortrait UIInterfaceOrientationPortraitUpsideDown";
				IPHONEOS_DEPLOYMENT_TARGET = 17.0;
				LD_RUNPATH_SEARCH_PATHS = (
					"$(inherited)",
					"@executable_path/Frameworks",
				);
				MARKETING_VERSION = 1.3;
				PRODUCT_BUNDLE_IDENTIFIER = com.StefanWalser.TrainBuddy;
				PRODUCT_NAME = "$(TARGET_NAME)";
				PROVISIONING_PROFILE_SPECIFIER = "";
				SUPPORTED_PLATFORMS = "iphoneos iphonesimulator";
				SUPPORTS_MACCATALYST = NO;
				SUPPORTS_MAC_DESIGNED_FOR_IPHONE_IPAD = NO;
				SWIFT_EMIT_LOC_STRINGS = YES;
				SWIFT_VERSION = 5.0;
				TARGETED_DEVICE_FAMILY = "1,2";
			};
			name = Debug;
		};
		F82D9EF32B1B448200A101C9 /* Release */ = {
			isa = XCBuildConfiguration;
			buildSettings = {
				ALWAYS_EMBED_SWIFT_STANDARD_LIBRARIES = YES;
				ASSETCATALOG_COMPILER_APPICON_NAME = AppIcon;
				ASSETCATALOG_COMPILER_GLOBAL_ACCENT_COLOR_NAME = AccentColor;
				CODE_SIGN_ENTITLEMENTS = TrainBuddy/TrainBuddy.entitlements;
				CODE_SIGN_IDENTITY = "Apple Development";
				CODE_SIGN_STYLE = Automatic;
				CURRENT_PROJECT_VERSION = 1;
				DEVELOPMENT_ASSET_PATHS = "\"TrainBuddy/Preview Content\"";
				DEVELOPMENT_TEAM = 35MK3E7S5B;
				ENABLE_PREVIEWS = YES;
				GENERATE_INFOPLIST_FILE = YES;
				INFOPLIST_FILE = TrainBuddy/Info.plist;
				INFOPLIST_KEY_CFBundleDisplayName = TrainBuddy;
				INFOPLIST_KEY_LSApplicationCategoryType = "public.app-category.travel";
				INFOPLIST_KEY_NSLocationUsageDescription = "Travel Buddy hat keinen Zugriff auf deinen Standort. Diese Abfrage ist notwendig, um den WLAN Namen überprüfen zu können.";
				INFOPLIST_KEY_NSLocationWhenInUseUsageDescription = "Ich  brauche  das";
				INFOPLIST_KEY_NSSupportsLiveActivities = YES;
				INFOPLIST_KEY_NSSupportsLiveActivitiesFrequentUpdates = YES;
				INFOPLIST_KEY_UIApplicationSceneManifest_Generation = YES;
				INFOPLIST_KEY_UIApplicationSupportsIndirectInputEvents = YES;
				INFOPLIST_KEY_UILaunchScreen_Generation = YES;
				INFOPLIST_KEY_UISupportedInterfaceOrientations = UIInterfaceOrientationPortrait;
				INFOPLIST_KEY_UISupportedInterfaceOrientations_iPad = "UIInterfaceOrientationLandscapeLeft UIInterfaceOrientationLandscapeRight UIInterfaceOrientationPortrait UIInterfaceOrientationPortraitUpsideDown";
				IPHONEOS_DEPLOYMENT_TARGET = 17.0;
				LD_RUNPATH_SEARCH_PATHS = (
					"$(inherited)",
					"@executable_path/Frameworks",
				);
				MARKETING_VERSION = 1.3;
				PRODUCT_BUNDLE_IDENTIFIER = com.StefanWalser.TrainBuddy;
				PRODUCT_NAME = "$(TARGET_NAME)";
				PROVISIONING_PROFILE_SPECIFIER = "";
				SUPPORTED_PLATFORMS = "iphoneos iphonesimulator";
				SUPPORTS_MACCATALYST = NO;
				SUPPORTS_MAC_DESIGNED_FOR_IPHONE_IPAD = NO;
				SWIFT_EMIT_LOC_STRINGS = YES;
				SWIFT_VERSION = 5.0;
				TARGETED_DEVICE_FAMILY = "1,2";
			};
			name = Release;
		};
		F82D9EF52B1B448200A101C9 /* Debug */ = {
			isa = XCBuildConfiguration;
			buildSettings = {
				ALWAYS_EMBED_SWIFT_STANDARD_LIBRARIES = YES;
				BUNDLE_LOADER = "$(TEST_HOST)";
				CODE_SIGN_STYLE = Automatic;
				CURRENT_PROJECT_VERSION = 1;
				GENERATE_INFOPLIST_FILE = YES;
				IPHONEOS_DEPLOYMENT_TARGET = 17.0;
				MARKETING_VERSION = 1.0;
				PRODUCT_BUNDLE_IDENTIFIER = com.StefanWalser.RailnetAppTests;
				PRODUCT_NAME = "$(TARGET_NAME)";
				SWIFT_EMIT_LOC_STRINGS = NO;
				SWIFT_VERSION = 5.0;
				TARGETED_DEVICE_FAMILY = "1,2";
				TEST_HOST = "$(BUILT_PRODUCTS_DIR)/TrainBuddy.app/$(BUNDLE_EXECUTABLE_FOLDER_PATH)/TrainBuddy";
			};
			name = Debug;
		};
		F82D9EF62B1B448200A101C9 /* Release */ = {
			isa = XCBuildConfiguration;
			buildSettings = {
				ALWAYS_EMBED_SWIFT_STANDARD_LIBRARIES = YES;
				BUNDLE_LOADER = "$(TEST_HOST)";
				CODE_SIGN_STYLE = Automatic;
				CURRENT_PROJECT_VERSION = 1;
				GENERATE_INFOPLIST_FILE = YES;
				IPHONEOS_DEPLOYMENT_TARGET = 17.0;
				MARKETING_VERSION = 1.0;
				PRODUCT_BUNDLE_IDENTIFIER = com.StefanWalser.RailnetAppTests;
				PRODUCT_NAME = "$(TARGET_NAME)";
				SWIFT_EMIT_LOC_STRINGS = NO;
				SWIFT_VERSION = 5.0;
				TARGETED_DEVICE_FAMILY = "1,2";
				TEST_HOST = "$(BUILT_PRODUCTS_DIR)/TrainBuddy.app/$(BUNDLE_EXECUTABLE_FOLDER_PATH)/TrainBuddy";
			};
			name = Release;
		};
		F82D9EF82B1B448200A101C9 /* Debug */ = {
			isa = XCBuildConfiguration;
			buildSettings = {
				ALWAYS_EMBED_SWIFT_STANDARD_LIBRARIES = YES;
				CODE_SIGN_STYLE = Automatic;
				CURRENT_PROJECT_VERSION = 1;
				GENERATE_INFOPLIST_FILE = YES;
				MARKETING_VERSION = 1.0;
				PRODUCT_BUNDLE_IDENTIFIER = com.StefanWalser.RailnetAppUITests;
				PRODUCT_NAME = "$(TARGET_NAME)";
				SWIFT_EMIT_LOC_STRINGS = NO;
				SWIFT_VERSION = 5.0;
				TARGETED_DEVICE_FAMILY = "1,2";
				TEST_TARGET_NAME = RailnetApp;
			};
			name = Debug;
		};
		F82D9EF92B1B448200A101C9 /* Release */ = {
			isa = XCBuildConfiguration;
			buildSettings = {
				ALWAYS_EMBED_SWIFT_STANDARD_LIBRARIES = YES;
				CODE_SIGN_STYLE = Automatic;
				CURRENT_PROJECT_VERSION = 1;
				GENERATE_INFOPLIST_FILE = YES;
				MARKETING_VERSION = 1.0;
				PRODUCT_BUNDLE_IDENTIFIER = com.StefanWalser.RailnetAppUITests;
				PRODUCT_NAME = "$(TARGET_NAME)";
				SWIFT_EMIT_LOC_STRINGS = NO;
				SWIFT_VERSION = 5.0;
				TARGETED_DEVICE_FAMILY = "1,2";
				TEST_TARGET_NAME = RailnetApp;
			};
			name = Release;
		};
		F86E21182B6E38490026C28B /* Debug */ = {
			isa = XCBuildConfiguration;
			buildSettings = {
				ASSETCATALOG_COMPILER_GLOBAL_ACCENT_COLOR_NAME = AccentColor;
				ASSETCATALOG_COMPILER_WIDGET_BACKGROUND_COLOR_NAME = WidgetBackground;
				CODE_SIGN_IDENTITY = "Apple Development";
				CODE_SIGN_STYLE = Automatic;
				CURRENT_PROJECT_VERSION = 1;
				DEVELOPMENT_TEAM = 35MK3E7S5B;
				GENERATE_INFOPLIST_FILE = YES;
				INFOPLIST_FILE = TrainBuddyWidget/Info.plist;
				INFOPLIST_KEY_CFBundleDisplayName = TrainBuddyWidget;
				INFOPLIST_KEY_NSHumanReadableCopyright = "";
				IPHONEOS_DEPLOYMENT_TARGET = 17.0;
				LD_RUNPATH_SEARCH_PATHS = (
					"$(inherited)",
					"@executable_path/Frameworks",
					"@executable_path/../../Frameworks",
				);
				MARKETING_VERSION = 1.0;
				PRODUCT_BUNDLE_IDENTIFIER = com.StefanWalser.TrainBuddy.TrainBuddyWidget;
				PRODUCT_NAME = "$(TARGET_NAME)";
				SKIP_INSTALL = YES;
				SWIFT_EMIT_LOC_STRINGS = YES;
				SWIFT_VERSION = 5.0;
				TARGETED_DEVICE_FAMILY = "1,2";
			};
			name = Debug;
		};
		F86E21192B6E38490026C28B /* Release */ = {
			isa = XCBuildConfiguration;
			buildSettings = {
				ASSETCATALOG_COMPILER_GLOBAL_ACCENT_COLOR_NAME = AccentColor;
				ASSETCATALOG_COMPILER_WIDGET_BACKGROUND_COLOR_NAME = WidgetBackground;
				CODE_SIGN_IDENTITY = "Apple Development";
				CODE_SIGN_STYLE = Automatic;
				CURRENT_PROJECT_VERSION = 1;
				DEVELOPMENT_TEAM = 35MK3E7S5B;
				GENERATE_INFOPLIST_FILE = YES;
				INFOPLIST_FILE = TrainBuddyWidget/Info.plist;
				INFOPLIST_KEY_CFBundleDisplayName = TrainBuddyWidget;
				INFOPLIST_KEY_NSHumanReadableCopyright = "";
				IPHONEOS_DEPLOYMENT_TARGET = 17.0;
				LD_RUNPATH_SEARCH_PATHS = (
					"$(inherited)",
					"@executable_path/Frameworks",
					"@executable_path/../../Frameworks",
				);
				MARKETING_VERSION = 1.0;
				PRODUCT_BUNDLE_IDENTIFIER = com.StefanWalser.TrainBuddy.TrainBuddyWidget;
				PRODUCT_NAME = "$(TARGET_NAME)";
				SKIP_INSTALL = YES;
				SWIFT_EMIT_LOC_STRINGS = YES;
				SWIFT_VERSION = 5.0;
				TARGETED_DEVICE_FAMILY = "1,2";
			};
			name = Release;
		};
/* End XCBuildConfiguration section */

/* Begin XCConfigurationList section */
		F82D9EC82B1B447E00A101C9 /* Build configuration list for PBXProject "TrainBuddy" */ = {
			isa = XCConfigurationList;
			buildConfigurations = (
				F82D9EEF2B1B448200A101C9 /* Debug */,
				F82D9EF02B1B448200A101C9 /* Release */,
			);
			defaultConfigurationIsVisible = 0;
			defaultConfigurationName = Release;
		};
		F82D9EF12B1B448200A101C9 /* Build configuration list for PBXNativeTarget "TrainBuddy" */ = {
			isa = XCConfigurationList;
			buildConfigurations = (
				F82D9EF22B1B448200A101C9 /* Debug */,
				F82D9EF32B1B448200A101C9 /* Release */,
			);
			defaultConfigurationIsVisible = 0;
			defaultConfigurationName = Release;
		};
		F82D9EF42B1B448200A101C9 /* Build configuration list for PBXNativeTarget "TrainBuddyTests" */ = {
			isa = XCConfigurationList;
			buildConfigurations = (
				F82D9EF52B1B448200A101C9 /* Debug */,
				F82D9EF62B1B448200A101C9 /* Release */,
			);
			defaultConfigurationIsVisible = 0;
			defaultConfigurationName = Release;
		};
		F82D9EF72B1B448200A101C9 /* Build configuration list for PBXNativeTarget "TrainBuddyUITests" */ = {
			isa = XCConfigurationList;
			buildConfigurations = (
				F82D9EF82B1B448200A101C9 /* Debug */,
				F82D9EF92B1B448200A101C9 /* Release */,
			);
			defaultConfigurationIsVisible = 0;
			defaultConfigurationName = Release;
		};
		F86E211A2B6E38490026C28B /* Build configuration list for PBXNativeTarget "TrainBuddyWidgetExtension" */ = {
			isa = XCConfigurationList;
			buildConfigurations = (
				F86E21182B6E38490026C28B /* Debug */,
				F86E21192B6E38490026C28B /* Release */,
			);
			defaultConfigurationIsVisible = 0;
			defaultConfigurationName = Release;
		};
/* End XCConfigurationList section */

/* Begin XCVersionGroup section */
		F865516E2B6B7A1000CD5818 /* TrainBuddy.xcdatamodeld */ = {
			isa = XCVersionGroup;
			children = (
				F865516F2B6B7A1000CD5818 /* TrainBuddy.xcdatamodel */,
			);
			currentVersion = F865516F2B6B7A1000CD5818 /* TrainBuddy.xcdatamodel */;
			path = TrainBuddy.xcdatamodeld;
			sourceTree = "<group>";
			versionGroupType = wrapper.xcdatamodel;
		};
/* End XCVersionGroup section */
	};
	rootObject = F82D9EC52B1B447E00A101C9 /* Project object */;
}
